// !$*UTF8*$!
{
	archiveVersion = 1;
	classes = {
	};
	objectVersion = 55;
	objects = {

/* Begin PBXBuildFile section */
		3308B4B027D4827A0002E07C /* TableViewController.swift in Sources */ = {isa = PBXBuildFile; fileRef = 3308B4AF27D4827A0002E07C /* TableViewController.swift */; };
		330AB45727C2F2AA00779450 /* CodeViewController.swift in Sources */ = {isa = PBXBuildFile; fileRef = 330AB45627C2F2AA00779450 /* CodeViewController.swift */; };
		330AB45D27C3001A00779450 /* CHIOTPFieldOne.swift in Sources */ = {isa = PBXBuildFile; fileRef = 330AB45C27C3001A00779450 /* CHIOTPFieldOne.swift */; };
		330AB45F27C3002300779450 /* CHIOTPFieldOneLabel.swift in Sources */ = {isa = PBXBuildFile; fileRef = 330AB45E27C3002300779450 /* CHIOTPFieldOneLabel.swift */; };
		330AB46227C3003200779450 /* CHIOTPField.swift in Sources */ = {isa = PBXBuildFile; fileRef = 330AB46127C3003200779450 /* CHIOTPField.swift */; };
		330AB46427C3003900779450 /* OTPLabel.swift in Sources */ = {isa = PBXBuildFile; fileRef = 330AB46327C3003900779450 /* OTPLabel.swift */; };
		330AB46627C3088900779450 /* VerifyViewController.swift in Sources */ = {isa = PBXBuildFile; fileRef = 330AB46527C3088900779450 /* VerifyViewController.swift */; };
		330AB46827C3398700779450 /* LoginViewController.swift in Sources */ = {isa = PBXBuildFile; fileRef = 330AB46727C3398700779450 /* LoginViewController.swift */; };
		330AB47027C3409400779450 /* WelcomeViewController.swift in Sources */ = {isa = PBXBuildFile; fileRef = 330AB46F27C3409400779450 /* WelcomeViewController.swift */; };
		330AB47627C3457700779450 /* SwiftyOnboard.swift in Sources */ = {isa = PBXBuildFile; fileRef = 330AB47227C3457700779450 /* SwiftyOnboard.swift */; };
		330AB47727C3457700779450 /* SwiftyOnboardOverlay.swift in Sources */ = {isa = PBXBuildFile; fileRef = 330AB47427C3457700779450 /* SwiftyOnboardOverlay.swift */; };
		330AB47827C3457700779450 /* SwiftyOnboardPage.swift in Sources */ = {isa = PBXBuildFile; fileRef = 330AB47527C3457700779450 /* SwiftyOnboardPage.swift */; };
		330AB47A27C36D8700779450 /* HomeViewController.swift in Sources */ = {isa = PBXBuildFile; fileRef = 330AB47927C36D8700779450 /* HomeViewController.swift */; };
		330AB47F27C402B900779450 /* File.swift in Sources */ = {isa = PBXBuildFile; fileRef = 330AB47D27C402B800779450 /* File.swift */; };
		330AB48027C402B900779450 /* tableViewCell.swift in Sources */ = {isa = PBXBuildFile; fileRef = 330AB47E27C402B800779450 /* tableViewCell.swift */; };
		330AB48227C402C300779450 /* DetailViewController.swift in Sources */ = {isa = PBXBuildFile; fileRef = 330AB48127C402C300779450 /* DetailViewController.swift */; };
		335D1AA127AC9B170067C0D4 /* Item.swift in Sources */ = {isa = PBXBuildFile; fileRef = 335D1AA027AC9B170067C0D4 /* Item.swift */; };
		335D1AA327ACA8E20067C0D4 /* ItemStore.swift in Sources */ = {isa = PBXBuildFile; fileRef = 335D1AA227ACA8E20067C0D4 /* ItemStore.swift */; };
		336CCE50274C434700825F53 /* AppDelegate.swift in Sources */ = {isa = PBXBuildFile; fileRef = 336CCE4F274C434700825F53 /* AppDelegate.swift */; };
		336CCE52274C434700825F53 /* SceneDelegate.swift in Sources */ = {isa = PBXBuildFile; fileRef = 336CCE51274C434700825F53 /* SceneDelegate.swift */; };
		336CCE54274C434700825F53 /* ViewController.swift in Sources */ = {isa = PBXBuildFile; fileRef = 336CCE53274C434700825F53 /* ViewController.swift */; };
		336CCE57274C434700825F53 /* Main.storyboard in Resources */ = {isa = PBXBuildFile; fileRef = 336CCE55274C434700825F53 /* Main.storyboard */; };
		336CCE59274C434900825F53 /* Assets.xcassets in Resources */ = {isa = PBXBuildFile; fileRef = 336CCE58274C434900825F53 /* Assets.xcassets */; };
		336CCE5C274C434900825F53 /* LaunchScreen.storyboard in Resources */ = {isa = PBXBuildFile; fileRef = 336CCE5A274C434900825F53 /* LaunchScreen.storyboard */; };
		336CCE67274C434900825F53 /* UIAccessTests.swift in Sources */ = {isa = PBXBuildFile; fileRef = 336CCE66274C434900825F53 /* UIAccessTests.swift */; };
		336CCE71274C434900825F53 /* UIAccessUITests.swift in Sources */ = {isa = PBXBuildFile; fileRef = 336CCE70274C434900825F53 /* UIAccessUITests.swift */; };
		336CCE73274C434900825F53 /* UIAccessUITestsLaunchTests.swift in Sources */ = {isa = PBXBuildFile; fileRef = 336CCE72274C434900825F53 /* UIAccessUITestsLaunchTests.swift */; };
		33AFA76427B76E430036A45E /* Search.swift in Sources */ = {isa = PBXBuildFile; fileRef = 33AFA76327B76E430036A45E /* Search.swift */; };
		33B3DDF427DD9D0200530046 /* OBEDViewController.swift in Sources */ = {isa = PBXBuildFile; fileRef = 33B3DDF327DD9D0200530046 /* OBEDViewController.swift */; };
/* End PBXBuildFile section */

/* Begin PBXContainerItemProxy section */
		336CCE63274C434900825F53 /* PBXContainerItemProxy */ = {
			isa = PBXContainerItemProxy;
			containerPortal = 336CCE44274C434700825F53 /* Project object */;
			proxyType = 1;
			remoteGlobalIDString = 336CCE4B274C434700825F53;
			remoteInfo = UIAccess;
		};
		336CCE6D274C434900825F53 /* PBXContainerItemProxy */ = {
			isa = PBXContainerItemProxy;
			containerPortal = 336CCE44274C434700825F53 /* Project object */;
			proxyType = 1;
			remoteGlobalIDString = 336CCE4B274C434700825F53;
			remoteInfo = UIAccess;
		};
/* End PBXContainerItemProxy section */

/* Begin PBXFileReference section */
		3308B4AF27D4827A0002E07C /* TableViewController.swift */ = {isa = PBXFileReference; fileEncoding = 4; lastKnownFileType = sourcecode.swift; path = TableViewController.swift; sourceTree = "<group>"; };
		330AB45627C2F2AA00779450 /* CodeViewController.swift */ = {isa = PBXFileReference; lastKnownFileType = sourcecode.swift; path = CodeViewController.swift; sourceTree = "<group>"; };
		330AB45C27C3001A00779450 /* CHIOTPFieldOne.swift */ = {isa = PBXFileReference; lastKnownFileType = sourcecode.swift; path = CHIOTPFieldOne.swift; sourceTree = "<group>"; };
		330AB45E27C3002300779450 /* CHIOTPFieldOneLabel.swift */ = {isa = PBXFileReference; lastKnownFileType = sourcecode.swift; path = CHIOTPFieldOneLabel.swift; sourceTree = "<group>"; };
		330AB46027C3002900779450 /* CHIOTPField.h */ = {isa = PBXFileReference; lastKnownFileType = sourcecode.c.h; path = CHIOTPField.h; sourceTree = "<group>"; };
		330AB46127C3003200779450 /* CHIOTPField.swift */ = {isa = PBXFileReference; lastKnownFileType = sourcecode.swift; path = CHIOTPField.swift; sourceTree = "<group>"; };
		330AB46327C3003900779450 /* OTPLabel.swift */ = {isa = PBXFileReference; lastKnownFileType = sourcecode.swift; path = OTPLabel.swift; sourceTree = "<group>"; };
		330AB46527C3088900779450 /* VerifyViewController.swift */ = {isa = PBXFileReference; lastKnownFileType = sourcecode.swift; path = VerifyViewController.swift; sourceTree = "<group>"; };
		330AB46727C3398700779450 /* LoginViewController.swift */ = {isa = PBXFileReference; lastKnownFileType = sourcecode.swift; path = LoginViewController.swift; sourceTree = "<group>"; };
		330AB46F27C3409400779450 /* WelcomeViewController.swift */ = {isa = PBXFileReference; lastKnownFileType = sourcecode.swift; path = WelcomeViewController.swift; sourceTree = "<group>"; };
		330AB47227C3457700779450 /* SwiftyOnboard.swift */ = {isa = PBXFileReference; fileEncoding = 4; lastKnownFileType = sourcecode.swift; path = SwiftyOnboard.swift; sourceTree = "<group>"; };
		330AB47327C3457700779450 /* SwiftyOnboard.h */ = {isa = PBXFileReference; fileEncoding = 4; lastKnownFileType = sourcecode.c.h; path = SwiftyOnboard.h; sourceTree = "<group>"; };
		330AB47427C3457700779450 /* SwiftyOnboardOverlay.swift */ = {isa = PBXFileReference; fileEncoding = 4; lastKnownFileType = sourcecode.swift; path = SwiftyOnboardOverlay.swift; sourceTree = "<group>"; };
		330AB47527C3457700779450 /* SwiftyOnboardPage.swift */ = {isa = PBXFileReference; fileEncoding = 4; lastKnownFileType = sourcecode.swift; path = SwiftyOnboardPage.swift; sourceTree = "<group>"; };
		330AB47927C36D8700779450 /* HomeViewController.swift */ = {isa = PBXFileReference; lastKnownFileType = sourcecode.swift; path = HomeViewController.swift; sourceTree = "<group>"; };
		330AB47D27C402B800779450 /* File.swift */ = {isa = PBXFileReference; fileEncoding = 4; lastKnownFileType = sourcecode.swift; path = File.swift; sourceTree = "<group>"; };
		330AB47E27C402B800779450 /* tableViewCell.swift */ = {isa = PBXFileReference; fileEncoding = 4; lastKnownFileType = sourcecode.swift; path = tableViewCell.swift; sourceTree = "<group>"; };
		330AB48127C402C300779450 /* DetailViewController.swift */ = {isa = PBXFileReference; fileEncoding = 4; lastKnownFileType = sourcecode.swift; path = DetailViewController.swift; sourceTree = "<group>"; };
		335D1AA027AC9B170067C0D4 /* Item.swift */ = {isa = PBXFileReference; lastKnownFileType = sourcecode.swift; path = Item.swift; sourceTree = "<group>"; };
		335D1AA227ACA8E20067C0D4 /* ItemStore.swift */ = {isa = PBXFileReference; lastKnownFileType = sourcecode.swift; path = ItemStore.swift; sourceTree = "<group>"; };
		336CCE4C274C434700825F53 /* UIAccess.app */ = {isa = PBXFileReference; explicitFileType = wrapper.application; includeInIndex = 0; path = UIAccess.app; sourceTree = BUILT_PRODUCTS_DIR; };
		336CCE4F274C434700825F53 /* AppDelegate.swift */ = {isa = PBXFileReference; lastKnownFileType = sourcecode.swift; path = AppDelegate.swift; sourceTree = "<group>"; };
		336CCE51274C434700825F53 /* SceneDelegate.swift */ = {isa = PBXFileReference; lastKnownFileType = sourcecode.swift; path = SceneDelegate.swift; sourceTree = "<group>"; };
		336CCE53274C434700825F53 /* ViewController.swift */ = {isa = PBXFileReference; lastKnownFileType = sourcecode.swift; path = ViewController.swift; sourceTree = "<group>"; };
		336CCE58274C434900825F53 /* Assets.xcassets */ = {isa = PBXFileReference; lastKnownFileType = folder.assetcatalog; path = Assets.xcassets; sourceTree = "<group>"; };
		336CCE5D274C434900825F53 /* Info.plist */ = {isa = PBXFileReference; lastKnownFileType = text.plist.xml; path = Info.plist; sourceTree = "<group>"; };
		336CCE62274C434900825F53 /* UIAccessTests.xctest */ = {isa = PBXFileReference; explicitFileType = wrapper.cfbundle; includeInIndex = 0; path = UIAccessTests.xctest; sourceTree = BUILT_PRODUCTS_DIR; };
		336CCE66274C434900825F53 /* UIAccessTests.swift */ = {isa = PBXFileReference; lastKnownFileType = sourcecode.swift; path = UIAccessTests.swift; sourceTree = "<group>"; };
		336CCE6C274C434900825F53 /* UIAccessUITests.xctest */ = {isa = PBXFileReference; explicitFileType = wrapper.cfbundle; includeInIndex = 0; path = UIAccessUITests.xctest; sourceTree = BUILT_PRODUCTS_DIR; };
		336CCE70274C434900825F53 /* UIAccessUITests.swift */ = {isa = PBXFileReference; lastKnownFileType = sourcecode.swift; path = UIAccessUITests.swift; sourceTree = "<group>"; };
		336CCE72274C434900825F53 /* UIAccessUITestsLaunchTests.swift */ = {isa = PBXFileReference; lastKnownFileType = sourcecode.swift; path = UIAccessUITestsLaunchTests.swift; sourceTree = "<group>"; };
		33AFA76327B76E430036A45E /* Search.swift */ = {isa = PBXFileReference; lastKnownFileType = sourcecode.swift; path = Search.swift; sourceTree = "<group>"; };
		33B2BA0827A89F8B0083E9BB /* Base */ = {isa = PBXFileReference; lastKnownFileType = file.storyboard; name = Base; path = Base.lproj/Main.storyboard; sourceTree = "<group>"; };
		33B2BA0927A89F940083E9BB /* hi */ = {isa = PBXFileReference; lastKnownFileType = text.plist.strings; name = hi; path = hi.lproj/Main.strings; sourceTree = "<group>"; };
		33B3DDF327DD9D0200530046 /* OBEDViewController.swift */ = {isa = PBXFileReference; lastKnownFileType = sourcecode.swift; path = OBEDViewController.swift; sourceTree = "<group>"; };
		33B89D2427A4D7D600C87501 /* en */ = {isa = PBXFileReference; lastKnownFileType = file.storyboard; name = en; path = en.lproj/LaunchScreen.storyboard; sourceTree = "<group>"; };
/* End PBXFileReference section */

/* Begin PBXFrameworksBuildPhase section */
		336CCE49274C434700825F53 /* Frameworks */ = {
			isa = PBXFrameworksBuildPhase;
			buildActionMask = 2147483647;
			files = (
			);
			runOnlyForDeploymentPostprocessing = 0;
		};
		336CCE5F274C434900825F53 /* Frameworks */ = {
			isa = PBXFrameworksBuildPhase;
			buildActionMask = 2147483647;
			files = (
			);
			runOnlyForDeploymentPostprocessing = 0;
		};
		336CCE69274C434900825F53 /* Frameworks */ = {
			isa = PBXFrameworksBuildPhase;
			buildActionMask = 2147483647;
			files = (
			);
			runOnlyForDeploymentPostprocessing = 0;
		};
/* End PBXFrameworksBuildPhase section */

/* Begin PBXGroup section */
		336CCE43274C434700825F53 = {
			isa = PBXGroup;
			children = (
				336CCE4E274C434700825F53 /* UIAccess */,
				336CCE65274C434900825F53 /* UIAccessTests */,
				336CCE6F274C434900825F53 /* UIAccessUITests */,
				336CCE4D274C434700825F53 /* Products */,
			);
			sourceTree = "<group>";
		};
		336CCE4D274C434700825F53 /* Products */ = {
			isa = PBXGroup;
			children = (
				336CCE4C274C434700825F53 /* UIAccess.app */,
				336CCE62274C434900825F53 /* UIAccessTests.xctest */,
				336CCE6C274C434900825F53 /* UIAccessUITests.xctest */,
			);
			name = Products;
			sourceTree = "<group>";
		};
		336CCE4E274C434700825F53 /* UIAccess */ = {
			isa = PBXGroup;
			children = (
				336CCE4F274C434700825F53 /* AppDelegate.swift */,
				336CCE51274C434700825F53 /* SceneDelegate.swift */,
				330AB46527C3088900779450 /* VerifyViewController.swift */,
				330AB46727C3398700779450 /* LoginViewController.swift */,
				330AB45627C2F2AA00779450 /* CodeViewController.swift */,
				330AB46F27C3409400779450 /* WelcomeViewController.swift */,
				330AB47927C36D8700779450 /* HomeViewController.swift */,
				330AB48127C402C300779450 /* DetailViewController.swift */,
				336CCE53274C434700825F53 /* ViewController.swift */,
				33B3DDF327DD9D0200530046 /* OBEDViewController.swift */,
				33AFA76327B76E430036A45E /* Search.swift */,
				335D1AA027AC9B170067C0D4 /* Item.swift */,
				335D1AA227ACA8E20067C0D4 /* ItemStore.swift */,
				336CCE55274C434700825F53 /* Main.storyboard */,
				336CCE58274C434900825F53 /* Assets.xcassets */,
				336CCE5A274C434900825F53 /* LaunchScreen.storyboard */,
				336CCE5D274C434900825F53 /* Info.plist */,
				330AB47D27C402B800779450 /* File.swift */,
				330AB47E27C402B800779450 /* tableViewCell.swift */,
				3308B4AF27D4827A0002E07C /* TableViewController.swift */,
				330AB46027C3002900779450 /* CHIOTPField.h */,
				330AB46127C3003200779450 /* CHIOTPField.swift */,
				330AB46327C3003900779450 /* OTPLabel.swift */,
				330AB45C27C3001A00779450 /* CHIOTPFieldOne.swift */,
				330AB45E27C3002300779450 /* CHIOTPFieldOneLabel.swift */,
				330AB47327C3457700779450 /* SwiftyOnboard.h */,
				330AB47227C3457700779450 /* SwiftyOnboard.swift */,
				330AB47427C3457700779450 /* SwiftyOnboardOverlay.swift */,
				330AB47527C3457700779450 /* SwiftyOnboardPage.swift */,
			);
			path = UIAccess;
			sourceTree = "<group>";
		};
		336CCE65274C434900825F53 /* UIAccessTests */ = {
			isa = PBXGroup;
			children = (
				336CCE66274C434900825F53 /* UIAccessTests.swift */,
			);
			path = UIAccessTests;
			sourceTree = "<group>";
		};
		336CCE6F274C434900825F53 /* UIAccessUITests */ = {
			isa = PBXGroup;
			children = (
				336CCE70274C434900825F53 /* UIAccessUITests.swift */,
				336CCE72274C434900825F53 /* UIAccessUITestsLaunchTests.swift */,
			);
			path = UIAccessUITests;
			sourceTree = "<group>";
		};
/* End PBXGroup section */

/* Begin PBXNativeTarget section */
		336CCE4B274C434700825F53 /* UIAccess */ = {
			isa = PBXNativeTarget;
			buildConfigurationList = 336CCE76274C434900825F53 /* Build configuration list for PBXNativeTarget "UIAccess" */;
			buildPhases = (
				336CCE48274C434700825F53 /* Sources */,
				336CCE49274C434700825F53 /* Frameworks */,
				336CCE4A274C434700825F53 /* Resources */,
			);
			buildRules = (
			);
			dependencies = (
			);
			name = UIAccess;
			productName = UIAccess;
			productReference = 336CCE4C274C434700825F53 /* UIAccess.app */;
			productType = "com.apple.product-type.application";
		};
		336CCE61274C434900825F53 /* UIAccessTests */ = {
			isa = PBXNativeTarget;
			buildConfigurationList = 336CCE79274C434900825F53 /* Build configuration list for PBXNativeTarget "UIAccessTests" */;
			buildPhases = (
				336CCE5E274C434900825F53 /* Sources */,
				336CCE5F274C434900825F53 /* Frameworks */,
				336CCE60274C434900825F53 /* Resources */,
			);
			buildRules = (
			);
			dependencies = (
				336CCE64274C434900825F53 /* PBXTargetDependency */,
			);
			name = UIAccessTests;
			productName = UIAccessTests;
			productReference = 336CCE62274C434900825F53 /* UIAccessTests.xctest */;
			productType = "com.apple.product-type.bundle.unit-test";
		};
		336CCE6B274C434900825F53 /* UIAccessUITests */ = {
			isa = PBXNativeTarget;
			buildConfigurationList = 336CCE7C274C434900825F53 /* Build configuration list for PBXNativeTarget "UIAccessUITests" */;
			buildPhases = (
				336CCE68274C434900825F53 /* Sources */,
				336CCE69274C434900825F53 /* Frameworks */,
				336CCE6A274C434900825F53 /* Resources */,
			);
			buildRules = (
			);
			dependencies = (
				336CCE6E274C434900825F53 /* PBXTargetDependency */,
			);
			name = UIAccessUITests;
			productName = UIAccessUITests;
			productReference = 336CCE6C274C434900825F53 /* UIAccessUITests.xctest */;
			productType = "com.apple.product-type.bundle.ui-testing";
		};
/* End PBXNativeTarget section */

/* Begin PBXProject section */
		336CCE44274C434700825F53 /* Project object */ = {
			isa = PBXProject;
			attributes = {
				BuildIndependentTargetsInParallel = 1;
				LastSwiftUpdateCheck = 1310;
				LastUpgradeCheck = 1310;
				TargetAttributes = {
					336CCE4B274C434700825F53 = {
						CreatedOnToolsVersion = 13.1;
					};
					336CCE61274C434900825F53 = {
						CreatedOnToolsVersion = 13.1;
						TestTargetID = 336CCE4B274C434700825F53;
					};
					336CCE6B274C434900825F53 = {
						CreatedOnToolsVersion = 13.1;
						TestTargetID = 336CCE4B274C434700825F53;
					};
				};
			};
			buildConfigurationList = 336CCE47274C434700825F53 /* Build configuration list for PBXProject "UIAccess" */;
			compatibilityVersion = "Xcode 13.0";
			developmentRegion = en;
			hasScannedForEncodings = 0;
			knownRegions = (
				en,
				Base,
				hi,
			);
			mainGroup = 336CCE43274C434700825F53;
			productRefGroup = 336CCE4D274C434700825F53 /* Products */;
			projectDirPath = "";
			projectRoot = "";
			targets = (
				336CCE4B274C434700825F53 /* UIAccess */,
				336CCE61274C434900825F53 /* UIAccessTests */,
				336CCE6B274C434900825F53 /* UIAccessUITests */,
			);
		};
/* End PBXProject section */

/* Begin PBXResourcesBuildPhase section */
		336CCE4A274C434700825F53 /* Resources */ = {
			isa = PBXResourcesBuildPhase;
			buildActionMask = 2147483647;
			files = (
				336CCE5C274C434900825F53 /* LaunchScreen.storyboard in Resources */,
				336CCE59274C434900825F53 /* Assets.xcassets in Resources */,
				336CCE57274C434700825F53 /* Main.storyboard in Resources */,
			);
			runOnlyForDeploymentPostprocessing = 0;
		};
		336CCE60274C434900825F53 /* Resources */ = {
			isa = PBXResourcesBuildPhase;
			buildActionMask = 2147483647;
			files = (
			);
			runOnlyForDeploymentPostprocessing = 0;
		};
		336CCE6A274C434900825F53 /* Resources */ = {
			isa = PBXResourcesBuildPhase;
			buildActionMask = 2147483647;
			files = (
			);
			runOnlyForDeploymentPostprocessing = 0;
		};
/* End PBXResourcesBuildPhase section */

/* Begin PBXSourcesBuildPhase section */
		336CCE48274C434700825F53 /* Sources */ = {
			isa = PBXSourcesBuildPhase;
			buildActionMask = 2147483647;
			files = (
				3308B4B027D4827A0002E07C /* TableViewController.swift in Sources */,
				336CCE54274C434700825F53 /* ViewController.swift in Sources */,
				330AB45727C2F2AA00779450 /* CodeViewController.swift in Sources */,
				330AB47727C3457700779450 /* SwiftyOnboardOverlay.swift in Sources */,
				335D1AA327ACA8E20067C0D4 /* ItemStore.swift in Sources */,
				330AB48027C402B900779450 /* tableViewCell.swift in Sources */,
				330AB47F27C402B900779450 /* File.swift in Sources */,
				335D1AA127AC9B170067C0D4 /* Item.swift in Sources */,
				330AB47A27C36D8700779450 /* HomeViewController.swift in Sources */,
				330AB45D27C3001A00779450 /* CHIOTPFieldOne.swift in Sources */,
				33AFA76427B76E430036A45E /* Search.swift in Sources */,
				330AB48227C402C300779450 /* DetailViewController.swift in Sources */,
				330AB47627C3457700779450 /* SwiftyOnboard.swift in Sources */,
				330AB46427C3003900779450 /* OTPLabel.swift in Sources */,
				330AB47827C3457700779450 /* SwiftyOnboardPage.swift in Sources */,
				336CCE50274C434700825F53 /* AppDelegate.swift in Sources */,
				336CCE52274C434700825F53 /* SceneDelegate.swift in Sources */,
				330AB47027C3409400779450 /* WelcomeViewController.swift in Sources */,
				33B3DDF427DD9D0200530046 /* OBEDViewController.swift in Sources */,
				330AB46627C3088900779450 /* VerifyViewController.swift in Sources */,
				330AB45F27C3002300779450 /* CHIOTPFieldOneLabel.swift in Sources */,
				330AB46827C3398700779450 /* LoginViewController.swift in Sources */,
				330AB46227C3003200779450 /* CHIOTPField.swift in Sources */,
			);
			runOnlyForDeploymentPostprocessing = 0;
		};
		336CCE5E274C434900825F53 /* Sources */ = {
			isa = PBXSourcesBuildPhase;
			buildActionMask = 2147483647;
			files = (
				336CCE67274C434900825F53 /* UIAccessTests.swift in Sources */,
			);
			runOnlyForDeploymentPostprocessing = 0;
		};
		336CCE68274C434900825F53 /* Sources */ = {
			isa = PBXSourcesBuildPhase;
			buildActionMask = 2147483647;
			files = (
				336CCE73274C434900825F53 /* UIAccessUITestsLaunchTests.swift in Sources */,
				336CCE71274C434900825F53 /* UIAccessUITests.swift in Sources */,
			);
			runOnlyForDeploymentPostprocessing = 0;
		};
/* End PBXSourcesBuildPhase section */

/* Begin PBXTargetDependency section */
		336CCE64274C434900825F53 /* PBXTargetDependency */ = {
			isa = PBXTargetDependency;
			target = 336CCE4B274C434700825F53 /* UIAccess */;
			targetProxy = 336CCE63274C434900825F53 /* PBXContainerItemProxy */;
		};
		336CCE6E274C434900825F53 /* PBXTargetDependency */ = {
			isa = PBXTargetDependency;
			target = 336CCE4B274C434700825F53 /* UIAccess */;
			targetProxy = 336CCE6D274C434900825F53 /* PBXContainerItemProxy */;
		};
/* End PBXTargetDependency section */

/* Begin PBXVariantGroup section */
		336CCE55274C434700825F53 /* Main.storyboard */ = {
			isa = PBXVariantGroup;
			children = (
				33B2BA0827A89F8B0083E9BB /* Base */,
				33B2BA0927A89F940083E9BB /* hi */,
			);
			name = Main.storyboard;
			sourceTree = "<group>";
		};
		336CCE5A274C434900825F53 /* LaunchScreen.storyboard */ = {
			isa = PBXVariantGroup;
			children = (
				33B89D2427A4D7D600C87501 /* en */,
			);
			name = LaunchScreen.storyboard;
			sourceTree = "<group>";
		};
/* End PBXVariantGroup section */

/* Begin XCBuildConfiguration section */
		336CCE74274C434900825F53 /* Debug */ = {
			isa = XCBuildConfiguration;
			buildSettings = {
				ALWAYS_SEARCH_USER_PATHS = NO;
				CLANG_ANALYZER_LOCALIZABILITY_NONLOCALIZED = YES;
				CLANG_ANALYZER_NONNULL = YES;
				CLANG_ANALYZER_NUMBER_OBJECT_CONVERSION = YES_AGGRESSIVE;
				CLANG_CXX_LANGUAGE_STANDARD = "gnu++17";
				CLANG_CXX_LIBRARY = "libc++";
				CLANG_ENABLE_MODULES = YES;
				CLANG_ENABLE_OBJC_ARC = YES;
				CLANG_ENABLE_OBJC_WEAK = YES;
				CLANG_WARN_BLOCK_CAPTURE_AUTORELEASING = YES;
				CLANG_WARN_BOOL_CONVERSION = YES;
				CLANG_WARN_COMMA = YES;
				CLANG_WARN_CONSTANT_CONVERSION = YES;
				CLANG_WARN_DEPRECATED_OBJC_IMPLEMENTATIONS = YES;
				CLANG_WARN_DIRECT_OBJC_ISA_USAGE = YES_ERROR;
				CLANG_WARN_DOCUMENTATION_COMMENTS = YES;
				CLANG_WARN_EMPTY_BODY = YES;
				CLANG_WARN_ENUM_CONVERSION = YES;
				CLANG_WARN_INFINITE_RECURSION = YES;
				CLANG_WARN_INT_CONVERSION = YES;
				CLANG_WARN_NON_LITERAL_NULL_CONVERSION = YES;
				CLANG_WARN_OBJC_IMPLICIT_RETAIN_SELF = YES;
				CLANG_WARN_OBJC_LITERAL_CONVERSION = YES;
				CLANG_WARN_OBJC_ROOT_CLASS = YES_ERROR;
				CLANG_WARN_QUOTED_INCLUDE_IN_FRAMEWORK_HEADER = YES;
				CLANG_WARN_RANGE_LOOP_ANALYSIS = YES;
				CLANG_WARN_STRICT_PROTOTYPES = YES;
				CLANG_WARN_SUSPICIOUS_MOVE = YES;
				CLANG_WARN_UNGUARDED_AVAILABILITY = YES_AGGRESSIVE;
				CLANG_WARN_UNREACHABLE_CODE = YES;
				CLANG_WARN__DUPLICATE_METHOD_MATCH = YES;
				COPY_PHASE_STRIP = NO;
				DEBUG_INFORMATION_FORMAT = dwarf;
				ENABLE_STRICT_OBJC_MSGSEND = YES;
				ENABLE_TESTABILITY = YES;
				GCC_C_LANGUAGE_STANDARD = gnu11;
				GCC_DYNAMIC_NO_PIC = NO;
				GCC_NO_COMMON_BLOCKS = YES;
				GCC_OPTIMIZATION_LEVEL = 0;
				GCC_PREPROCESSOR_DEFINITIONS = (
					"DEBUG=1",
					"$(inherited)",
				);
				GCC_WARN_64_TO_32_BIT_CONVERSION = YES;
				GCC_WARN_ABOUT_RETURN_TYPE = YES_ERROR;
				GCC_WARN_UNDECLARED_SELECTOR = YES;
				GCC_WARN_UNINITIALIZED_AUTOS = YES_AGGRESSIVE;
				GCC_WARN_UNUSED_FUNCTION = YES;
				GCC_WARN_UNUSED_VARIABLE = YES;
				IPHONEOS_DEPLOYMENT_TARGET = 15.0;
				MTL_ENABLE_DEBUG_INFO = INCLUDE_SOURCE;
				MTL_FAST_MATH = YES;
				ONLY_ACTIVE_ARCH = YES;
				SDKROOT = iphoneos;
				SWIFT_ACTIVE_COMPILATION_CONDITIONS = DEBUG;
				SWIFT_OPTIMIZATION_LEVEL = "-Onone";
			};
			name = Debug;
		};
		336CCE75274C434900825F53 /* Release */ = {
			isa = XCBuildConfiguration;
			buildSettings = {
				ALWAYS_SEARCH_USER_PATHS = NO;
				CLANG_ANALYZER_LOCALIZABILITY_NONLOCALIZED = YES;
				CLANG_ANALYZER_NONNULL = YES;
				CLANG_ANALYZER_NUMBER_OBJECT_CONVERSION = YES_AGGRESSIVE;
				CLANG_CXX_LANGUAGE_STANDARD = "gnu++17";
				CLANG_CXX_LIBRARY = "libc++";
				CLANG_ENABLE_MODULES = YES;
				CLANG_ENABLE_OBJC_ARC = YES;
				CLANG_ENABLE_OBJC_WEAK = YES;
				CLANG_WARN_BLOCK_CAPTURE_AUTORELEASING = YES;
				CLANG_WARN_BOOL_CONVERSION = YES;
				CLANG_WARN_COMMA = YES;
				CLANG_WARN_CONSTANT_CONVERSION = YES;
				CLANG_WARN_DEPRECATED_OBJC_IMPLEMENTATIONS = YES;
				CLANG_WARN_DIRECT_OBJC_ISA_USAGE = YES_ERROR;
				CLANG_WARN_DOCUMENTATION_COMMENTS = YES;
				CLANG_WARN_EMPTY_BODY = YES;
				CLANG_WARN_ENUM_CONVERSION = YES;
				CLANG_WARN_INFINITE_RECURSION = YES;
				CLANG_WARN_INT_CONVERSION = YES;
				CLANG_WARN_NON_LITERAL_NULL_CONVERSION = YES;
				CLANG_WARN_OBJC_IMPLICIT_RETAIN_SELF = YES;
				CLANG_WARN_OBJC_LITERAL_CONVERSION = YES;
				CLANG_WARN_OBJC_ROOT_CLASS = YES_ERROR;
				CLANG_WARN_QUOTED_INCLUDE_IN_FRAMEWORK_HEADER = YES;
				CLANG_WARN_RANGE_LOOP_ANALYSIS = YES;
				CLANG_WARN_STRICT_PROTOTYPES = YES;
				CLANG_WARN_SUSPICIOUS_MOVE = YES;
				CLANG_WARN_UNGUARDED_AVAILABILITY = YES_AGGRESSIVE;
				CLANG_WARN_UNREACHABLE_CODE = YES;
				CLANG_WARN__DUPLICATE_METHOD_MATCH = YES;
				COPY_PHASE_STRIP = NO;
				DEBUG_INFORMATION_FORMAT = "dwarf-with-dsym";
				ENABLE_NS_ASSERTIONS = NO;
				ENABLE_STRICT_OBJC_MSGSEND = YES;
				GCC_C_LANGUAGE_STANDARD = gnu11;
				GCC_NO_COMMON_BLOCKS = YES;
				GCC_WARN_64_TO_32_BIT_CONVERSION = YES;
				GCC_WARN_ABOUT_RETURN_TYPE = YES_ERROR;
				GCC_WARN_UNDECLARED_SELECTOR = YES;
				GCC_WARN_UNINITIALIZED_AUTOS = YES_AGGRESSIVE;
				GCC_WARN_UNUSED_FUNCTION = YES;
				GCC_WARN_UNUSED_VARIABLE = YES;
				IPHONEOS_DEPLOYMENT_TARGET = 15.0;
				MTL_ENABLE_DEBUG_INFO = NO;
				MTL_FAST_MATH = YES;
				SDKROOT = iphoneos;
				SWIFT_COMPILATION_MODE = wholemodule;
				SWIFT_OPTIMIZATION_LEVEL = "-O";
				VALIDATE_PRODUCT = YES;
			};
			name = Release;
		};
		336CCE77274C434900825F53 /* Debug */ = {
			isa = XCBuildConfiguration;
			buildSettings = {
				ASSETCATALOG_COMPILER_APPICON_NAME = AppIcon;
				ASSETCATALOG_COMPILER_GLOBAL_ACCENT_COLOR_NAME = AccentColor;
				CODE_SIGN_STYLE = Automatic;
				CURRENT_PROJECT_VERSION = 1;
				DEVELOPMENT_TEAM = D7RRL5D49C;
				GENERATE_INFOPLIST_FILE = YES;
				INFOPLIST_FILE = UIAccess/Info.plist;
				INFOPLIST_KEY_UIApplicationSupportsIndirectInputEvents = YES;
				INFOPLIST_KEY_UILaunchStoryboardName = LaunchScreen;
				INFOPLIST_KEY_UIMainStoryboardFile = Main;
				INFOPLIST_KEY_UISupportedInterfaceOrientations = UIInterfaceOrientationPortrait;
				INFOPLIST_KEY_UISupportedInterfaceOrientations_iPad = "UIInterfaceOrientationPortrait UIInterfaceOrientationPortraitUpsideDown UIInterfaceOrientationLandscapeLeft UIInterfaceOrientationLandscapeRight";
				INFOPLIST_KEY_UISupportedInterfaceOrientations_iPhone = "UIInterfaceOrientationPortrait UIInterfaceOrientationLandscapeLeft UIInterfaceOrientationLandscapeRight";
				LD_RUNPATH_SEARCH_PATHS = (
					"$(inherited)",
					"@executable_path/Frameworks",
				);
				MARKETING_VERSION = 1.0;
				PRODUCT_BUNDLE_IDENTIFIER = UIHealth.UIAccess;
				PRODUCT_NAME = "$(TARGET_NAME)";
				SWIFT_EMIT_LOC_STRINGS = YES;
				SWIFT_VERSION = 5.0;
				TARGETED_DEVICE_FAMILY = "1,2";
			};
			name = Debug;
		};
		336CCE78274C434900825F53 /* Release */ = {
			isa = XCBuildConfiguration;
			buildSettings = {
				ASSETCATALOG_COMPILER_APPICON_NAME = AppIcon;
				ASSETCATALOG_COMPILER_GLOBAL_ACCENT_COLOR_NAME = AccentColor;
				CODE_SIGN_STYLE = Automatic;
				CURRENT_PROJECT_VERSION = 1;
				DEVELOPMENT_TEAM = D7RRL5D49C;
				GENERATE_INFOPLIST_FILE = YES;
				INFOPLIST_FILE = UIAccess/Info.plist;
				INFOPLIST_KEY_UIApplicationSupportsIndirectInputEvents = YES;
				INFOPLIST_KEY_UILaunchStoryboardName = LaunchScreen;
				INFOPLIST_KEY_UIMainStoryboardFile = Main;
				INFOPLIST_KEY_UISupportedInterfaceOrientations = UIInterfaceOrientationPortrait;
				INFOPLIST_KEY_UISupportedInterfaceOrientations_iPad = "UIInterfaceOrientationPortrait UIInterfaceOrientationPortraitUpsideDown UIInterfaceOrientationLandscapeLeft UIInterfaceOrientationLandscapeRight";
				INFOPLIST_KEY_UISupportedInterfaceOrientations_iPhone = "UIInterfaceOrientationPortrait UIInterfaceOrientationLandscapeLeft UIInterfaceOrientationLandscapeRight";
				LD_RUNPATH_SEARCH_PATHS = (
					"$(inherited)",
					"@executable_path/Frameworks",
				);
				MARKETING_VERSION = 1.0;
				PRODUCT_BUNDLE_IDENTIFIER = UIHealth.UIAccess;
				PRODUCT_NAME = "$(TARGET_NAME)";
				SWIFT_EMIT_LOC_STRINGS = YES;
				SWIFT_VERSION = 5.0;
				TARGETED_DEVICE_FAMILY = "1,2";
			};
			name = Release;
		};
		336CCE7A274C434900825F53 /* Debug */ = {
			isa = XCBuildConfiguration;
			buildSettings = {
				ALWAYS_EMBED_SWIFT_STANDARD_LIBRARIES = YES;
				BUNDLE_LOADER = "$(TEST_HOST)";
				CODE_SIGN_STYLE = Automatic;
				CURRENT_PROJECT_VERSION = 1;
				DEVELOPMENT_TEAM = D7RRL5D49C;
				GENERATE_INFOPLIST_FILE = YES;
				IPHONEOS_DEPLOYMENT_TARGET = 15.0;
				LD_RUNPATH_SEARCH_PATHS = (
					"$(inherited)",
					"@executable_path/Frameworks",
					"@loader_path/Frameworks",
				);
				MARKETING_VERSION = 1.0;
				PRODUCT_BUNDLE_IDENTIFIER = UIHealth.UIAccessTests;
				PRODUCT_NAME = "$(TARGET_NAME)";
				SWIFT_EMIT_LOC_STRINGS = NO;
				SWIFT_VERSION = 5.0;
				TARGETED_DEVICE_FAMILY = "1,2";
				TEST_HOST = "$(BUILT_PRODUCTS_DIR)/UIAccess.app/UIAccess";
			};
			name = Debug;
		};
		336CCE7B274C434900825F53 /* Release */ = {
			isa = XCBuildConfiguration;
			buildSettings = {
				ALWAYS_EMBED_SWIFT_STANDARD_LIBRARIES = YES;
				BUNDLE_LOADER = "$(TEST_HOST)";
				CODE_SIGN_STYLE = Automatic;
				CURRENT_PROJECT_VERSION = 1;
				DEVELOPMENT_TEAM = D7RRL5D49C;
				GENERATE_INFOPLIST_FILE = YES;
				IPHONEOS_DEPLOYMENT_TARGET = 15.0;
				LD_RUNPATH_SEARCH_PATHS = (
					"$(inherited)",
					"@executable_path/Frameworks",
					"@loader_path/Frameworks",
				);
				MARKETING_VERSION = 1.0;
				PRODUCT_BUNDLE_IDENTIFIER = UIHealth.UIAccessTests;
				PRODUCT_NAME = "$(TARGET_NAME)";
				SWIFT_EMIT_LOC_STRINGS = NO;
				SWIFT_VERSION = 5.0;
				TARGETED_DEVICE_FAMILY = "1,2";
				TEST_HOST = "$(BUILT_PRODUCTS_DIR)/UIAccess.app/UIAccess";
			};
			name = Release;
		};
		336CCE7D274C434900825F53 /* Debug */ = {
			isa = XCBuildConfiguration;
			buildSettings = {
				ALWAYS_EMBED_SWIFT_STANDARD_LIBRARIES = YES;
				CODE_SIGN_STYLE = Automatic;
				CURRENT_PROJECT_VERSION = 1;
				DEVELOPMENT_TEAM = D7RRL5D49C;
				GENERATE_INFOPLIST_FILE = YES;
				LD_RUNPATH_SEARCH_PATHS = (
					"$(inherited)",
					"@executable_path/Frameworks",
					"@loader_path/Frameworks",
				);
				MARKETING_VERSION = 1.0;
				PRODUCT_BUNDLE_IDENTIFIER = UIHealth.UIAccessUITests;
				PRODUCT_NAME = "$(TARGET_NAME)";
				SWIFT_EMIT_LOC_STRINGS = NO;
				SWIFT_VERSION = 5.0;
				TARGETED_DEVICE_FAMILY = "1,2";
				TEST_TARGET_NAME = UIAccess;
			};
			name = Debug;
		};
		336CCE7E274C434900825F53 /* Release */ = {
			isa = XCBuildConfiguration;
			buildSettings = {
				ALWAYS_EMBED_SWIFT_STANDARD_LIBRARIES = YES;
				CODE_SIGN_STYLE = Automatic;
				CURRENT_PROJECT_VERSION = 1;
				DEVELOPMENT_TEAM = D7RRL5D49C;
				GENERATE_INFOPLIST_FILE = YES;
				LD_RUNPATH_SEARCH_PATHS = (
					"$(inherited)",
					"@executable_path/Frameworks",
					"@loader_path/Frameworks",
				);
				MARKETING_VERSION = 1.0;
				PRODUCT_BUNDLE_IDENTIFIER = UIHealth.UIAccessUITests;
				PRODUCT_NAME = "$(TARGET_NAME)";
				SWIFT_EMIT_LOC_STRINGS = NO;
				SWIFT_VERSION = 5.0;
				TARGETED_DEVICE_FAMILY = "1,2";
				TEST_TARGET_NAME = UIAccess;
			};
			name = Release;
		};
/* End XCBuildConfiguration section */

/* Begin XCConfigurationList section */
		336CCE47274C434700825F53 /* Build configuration list for PBXProject "UIAccess" */ = {
			isa = XCConfigurationList;
			buildConfigurations = (
				336CCE74274C434900825F53 /* Debug */,
				336CCE75274C434900825F53 /* Release */,
			);
			defaultConfigurationIsVisible = 0;
			defaultConfigurationName = Release;
		};
		336CCE76274C434900825F53 /* Build configuration list for PBXNativeTarget "UIAccess" */ = {
			isa = XCConfigurationList;
			buildConfigurations = (
				336CCE77274C434900825F53 /* Debug */,
				336CCE78274C434900825F53 /* Release */,
			);
			defaultConfigurationIsVisible = 0;
			defaultConfigurationName = Release;
		};
		336CCE79274C434900825F53 /* Build configuration list for PBXNativeTarget "UIAccessTests" */ = {
			isa = XCConfigurationList;
			buildConfigurations = (
				336CCE7A274C434900825F53 /* Debug */,
				336CCE7B274C434900825F53 /* Release */,
			);
			defaultConfigurationIsVisible = 0;
			defaultConfigurationName = Release;
		};
		336CCE7C274C434900825F53 /* Build configuration list for PBXNativeTarget "UIAccessUITests" */ = {
			isa = XCConfigurationList;
			buildConfigurations = (
				336CCE7D274C434900825F53 /* Debug */,
				336CCE7E274C434900825F53 /* Release */,
			);
			defaultConfigurationIsVisible = 0;
			defaultConfigurationName = Release;
		};
/* End XCConfigurationList section */
	};
	rootObject = 336CCE44274C434700825F53 /* Project object */;
}
